
Microsoft Visual Studio Solution File, Format Version 12.00
# Visual Studio Version 16
VisualStudioVersion = 16.0.30517.126
MinimumVisualStudioVersion = 10.0.40219.1
Project("{FAE04EC0-301F-11D3-BF4B-00C04F79EFBC}") = "InterfazGrafica", "WindowsFormsApp2\InterfazGrafica.csproj", "{977F0377-3929-46A8-A07E-B39BF4058743}"
EndProject
Global
	GlobalSection(SolutionConfigurationPlatforms) = preSolution
		Debug|Any CPU = Debug|Any CPU
		Release|Any CPU = Release|Any CPU
	EndGlobalSection
	GlobalSection(ProjectConfigurationPlatforms) = postSolution
		{977F0377-3929-46A8-A07E-B39BF4058743}.Debug|Any CPU.ActiveCfg = Debug|Any CPU
		{977F0377-3929-46A8-A07E-B39BF4058743}.Debug|Any CPU.Build.0 = Debug|Any CPU
		{977F0377-3929-46A8-A07E-B39BF4058743}.Release|Any CPU.ActiveCfg = Release|Any CPU
		{977F0377-3929-46A8-A07E-B39BF4058743}.Release|Any CPU.Build.0 = Release|Any CPU
	EndGlobalSection
	GlobalSection(SolutionProperties) = preSolution
		HideSolutionNode = FALSE
	EndGlobalSection
	GlobalSection(ExtensibilityGlobals) = postSolution
		SolutionGuid = {5ADBA6AB-CF8E-4348-9872-BECB73FD360B}
	EndGlobalSection
EndGlobal
